
Microsoft Visual Studio Solution File, Format Version 12.00
# Visual Studio Version 17
VisualStudioVersion = 17.9.34728.123
MinimumVisualStudioVersion = 10.0.40219.1
Project("{FAE04EC0-301F-11D3-BF4B-00C04F79EFBC}") = "Curd_Dot_Net_Api", "Curd_Dot_Net_Api\Curd_Dot_Net_Api.csproj", "{B8EF8892-AF4A-49AB-890D-84DDF266B6AD}"
EndProject
Global
	GlobalSection(SolutionConfigurationPlatforms) = preSolution
		Debug|Any CPU = Debug|Any CPU
		Release|Any CPU = Release|Any CPU
	EndGlobalSection
	GlobalSection(ProjectConfigurationPlatforms) = postSolution
		{B8EF8892-AF4A-49AB-890D-84DDF266B6AD}.Debug|Any CPU.ActiveCfg = Debug|Any CPU
		{B8EF8892-AF4A-49AB-890D-84DDF266B6AD}.Debug|Any CPU.Build.0 = Debug|Any CPU
		{B8EF8892-AF4A-49AB-890D-84DDF266B6AD}.Release|Any CPU.ActiveCfg = Release|Any CPU
		{B8EF8892-AF4A-49AB-890D-84DDF266B6AD}.Release|Any CPU.Build.0 = Release|Any CPU
	EndGlobalSection
	GlobalSection(SolutionProperties) = preSolution
		HideSolutionNode = FALSE
	EndGlobalSection
	GlobalSection(ExtensibilityGlobals) = postSolution
		SolutionGuid = {41EC89B7-592C-42EA-BD96-C7E78097688D}
	EndGlobalSection
EndGlobal
